
Microsoft Visual Studio Solution File, Format Version 12.00
# Visual Studio Version 16
VisualStudioVersion = 16.0.32002.261
MinimumVisualStudioVersion = 10.0.40219.1
Project("{FAE04EC0-301F-11D3-BF4B-00C04F79EFBC}") = "ProductsApp", "ProductsApp\ProductsApp.csproj", "{760FDC34-1999-4D29-99E3-53800031FBDE}"
EndProject
Project("{FAE04EC0-301F-11D3-BF4B-00C04F79EFBC}") = "TestProductsApp", "TestProductsApp\TestProductsApp.csproj", "{B1CCD0CD-EA42-469F-8D21-D368DAFB261D}"
EndProject
Global
	GlobalSection(SolutionConfigurationPlatforms) = preSolution
		Debug|Any CPU = Debug|Any CPU
		Release|Any CPU = Release|Any CPU
	EndGlobalSection
	GlobalSection(ProjectConfigurationPlatforms) = postSolution
		{760FDC34-1999-4D29-99E3-53800031FBDE}.Debug|Any CPU.ActiveCfg = Debug|Any CPU
		{760FDC34-1999-4D29-99E3-53800031FBDE}.Debug|Any CPU.Build.0 = Debug|Any CPU
		{760FDC34-1999-4D29-99E3-53800031FBDE}.Release|Any CPU.ActiveCfg = Release|Any CPU
		{760FDC34-1999-4D29-99E3-53800031FBDE}.Release|Any CPU.Build.0 = Release|Any CPU
		{B1CCD0CD-EA42-469F-8D21-D368DAFB261D}.Debug|Any CPU.ActiveCfg = Debug|Any CPU
		{B1CCD0CD-EA42-469F-8D21-D368DAFB261D}.Debug|Any CPU.Build.0 = Debug|Any CPU
		{B1CCD0CD-EA42-469F-8D21-D368DAFB261D}.Release|Any CPU.ActiveCfg = Release|Any CPU
		{B1CCD0CD-EA42-469F-8D21-D368DAFB261D}.Release|Any CPU.Build.0 = Release|Any CPU
	EndGlobalSection
	GlobalSection(SolutionProperties) = preSolution
		HideSolutionNode = FALSE
	EndGlobalSection
	GlobalSection(ExtensibilityGlobals) = postSolution
		SolutionGuid = {8C6B2B3B-FBF6-4E74-B252-94683826CB39}
	EndGlobalSection
EndGlobal
